
Microsoft Visual Studio Solution File, Format Version 12.00
# Visual Studio Version 17
VisualStudioVersion = 17.0.31919.166
MinimumVisualStudioVersion = 10.0.40219.1
Project("{FAE04EC0-301F-11D3-BF4B-00C04F79EFBC}") = "WpfApp_day4", "WpfApp_day4\WpfApp_day4.csproj", "{B3D08644-E267-4BCA-ACEB-093D34ED4987}"
EndProject
Global
	GlobalSection(SolutionConfigurationPlatforms) = preSolution
		Debug|Any CPU = Debug|Any CPU
		Release|Any CPU = Release|Any CPU
	EndGlobalSection
	GlobalSection(ProjectConfigurationPlatforms) = postSolution
		{B3D08644-E267-4BCA-ACEB-093D34ED4987}.Debug|Any CPU.ActiveCfg = Debug|Any CPU
		{B3D08644-E267-4BCA-ACEB-093D34ED4987}.Debug|Any CPU.Build.0 = Debug|Any CPU
		{B3D08644-E267-4BCA-ACEB-093D34ED4987}.Release|Any CPU.ActiveCfg = Release|Any CPU
		{B3D08644-E267-4BCA-ACEB-093D34ED4987}.Release|Any CPU.Build.0 = Release|Any CPU
	EndGlobalSection
	GlobalSection(SolutionProperties) = preSolution
		HideSolutionNode = FALSE
	EndGlobalSection
	GlobalSection(ExtensibilityGlobals) = postSolution
		SolutionGuid = {06E33072-9701-4F59-A7EB-F5BB5AE66874}
	EndGlobalSection
EndGlobal
